{
    "_meta": {
        "hash": {
            "sha256": "4b7ca5ab8e1346e038d24bda028a64a1e54bfb035117bd79c49a2362042d6189"
        },
        "pipfile-spec": 6,
        "requires": {
            "python_version": "3.6"
        },
        "sources": [
            {
                "name": "pypi",
                "url": "https://pypi.org/simple",
                "verify_ssl": true
            }
        ]
    },
    "default": {
        "webob": {
            "hashes": [
                "sha256:a3c89a8e9ba0aeb17382836cdb73c516d0ecf6630ec40ec28288f3ed459ce87b",
                "sha256:aa3a917ed752ba3e0b242234b2a373f9c4e2a75d35291dcbe977649bd21fd108"
            ],
            "index": "pypi",
            "version": "==1.8.6"
        }
    },
    "develop": {}
}
